
Microsoft Visual Studio Solution File, Format Version 12.00
# Visual Studio 15
VisualStudioVersion = 15.0.27130.2020
MinimumVisualStudioVersion = 10.0.40219.1
Project("{FAE04EC0-301F-11D3-BF4B-00C04F79EFBC}") = "ShellcodeCryptNExec", "ShellcodeCryptNExec.csproj", "{C40F75DF-27DB-477C-B30C-F1BE8B9B8CCC}"
EndProject
Global
	GlobalSection(SolutionConfigurationPlatforms) = preSolution
		Debug|Any CPU = Debug|Any CPU
		Release|Any CPU = Release|Any CPU
	EndGlobalSection
	GlobalSection(ProjectConfigurationPlatforms) = postSolution
		{C40F75DF-27DB-477C-B30C-F1BE8B9B8CCC}.Debug|Any CPU.ActiveCfg = Debug|Any CPU
		{C40F75DF-27DB-477C-B30C-F1BE8B9B8CCC}.Debug|Any CPU.Build.0 = Debug|Any CPU
		{C40F75DF-27DB-477C-B30C-F1BE8B9B8CCC}.Release|Any CPU.ActiveCfg = Release|Any CPU
		{C40F75DF-27DB-477C-B30C-F1BE8B9B8CCC}.Release|Any CPU.Build.0 = Release|Any CPU
	EndGlobalSection
	GlobalSection(SolutionProperties) = preSolution
		HideSolutionNode = FALSE
	EndGlobalSection
	GlobalSection(ExtensibilityGlobals) = postSolution
		SolutionGuid = {B891AE4E-C2DD-425F-993F-86278FE8AC39}
	EndGlobalSection
EndGlobal
